// !$*UTF8*$!
{
	archiveVersion = 1;
	classes = {
	};
	objectVersion = 46;
	objects = {

/* Begin PBXBuildFile section */
		83A006301A5DDD7D00ED22F8 /* main.m in Sources */ = {isa = PBXBuildFile; fileRef = 83A0062F1A5DDD7D00ED22F8 /* main.m */; };
		83A006331A5DDD7D00ED22F8 /* AppDelegate.m in Sources */ = {isa = PBXBuildFile; fileRef = 83A006321A5DDD7D00ED22F8 /* AppDelegate.m */; };
		83A006361A5DDD7D00ED22F8 /* ViewController.m in Sources */ = {isa = PBXBuildFile; fileRef = 83A006351A5DDD7D00ED22F8 /* ViewController.m */; };
		83A006391A5DDD7D00ED22F8 /* Main.storyboard in Resources */ = {isa = PBXBuildFile; fileRef = 83A006371A5DDD7D00ED22F8 /* Main.storyboard */; };
		83A0063B1A5DDD7D00ED22F8 /* Images.xcassets in Resources */ = {isa = PBXBuildFile; fileRef = 83A0063A1A5DDD7D00ED22F8 /* Images.xcassets */; };
		83A0063E1A5DDD7D00ED22F8 /* LaunchScreen.xib in Resources */ = {isa = PBXBuildFile; fileRef = 83A0063C1A5DDD7D00ED22F8 /* LaunchScreen.xib */; };
		83A0064A1A5DDD7D00ED22F8 /* MySafariTests.m in Sources */ = {isa = PBXBuildFile; fileRef = 83A006491A5DDD7D00ED22F8 /* MySafariTests.m */; };
/* End PBXBuildFile section */

/* Begin PBXContainerItemProxy section */
		83A006441A5DDD7D00ED22F8 /* PBXContainerItemProxy */ = {
			isa = PBXContainerItemProxy;
			containerPortal = 83A006221A5DDD7D00ED22F8 /* Project object */;
			proxyType = 1;
			remoteGlobalIDString = 83A006291A5DDD7D00ED22F8;
			remoteInfo = MySafari;
		};
/* End PBXContainerItemProxy section */

/* Begin PBXFileReference section */
		83A0062A1A5DDD7D00ED22F8 /* MySafari.app */ = {isa = PBXFileReference; explicitFileType = wrapper.application; includeInIndex = 0; path = MySafari.app; sourceTree = BUILT_PRODUCTS_DIR; };
		83A0062E1A5DDD7D00ED22F8 /* Info.plist */ = {isa = PBXFileReference; lastKnownFileType = text.plist.xml; path = Info.plist; sourceTree = "<group>"; };
		83A0062F1A5DDD7D00ED22F8 /* main.m */ = {isa = PBXFileReference; lastKnownFileType = sourcecode.c.objc; path = main.m; sourceTree = "<group>"; };
		83A006311A5DDD7D00ED22F8 /* AppDelegate.h */ = {isa = PBXFileReference; lastKnownFileType = sourcecode.c.h; path = AppDelegate.h; sourceTree = "<group>"; };
		83A006321A5DDD7D00ED22F8 /* AppDelegate.m */ = {isa = PBXFileReference; lastKnownFileType = sourcecode.c.objc; path = AppDelegate.m; sourceTree = "<group>"; };
		83A006341A5DDD7D00ED22F8 /* ViewController.h */ = {isa = PBXFileReference; lastKnownFileType = sourcecode.c.h; path = ViewController.h; sourceTree = "<group>"; };
		83A006351A5DDD7D00ED22F8 /* ViewController.m */ = {isa = PBXFileReference; lastKnownFileType = sourcecode.c.objc; path = ViewController.m; sourceTree = "<group>"; };
		83A006381A5DDD7D00ED22F8 /* Base */ = {isa = PBXFileReference; lastKnownFileType = file.storyboard; name = Base; path = Base.lproj/Main.storyboard; sourceTree = "<group>"; };
		83A0063A1A5DDD7D00ED22F8 /* Images.xcassets */ = {isa = PBXFileReference; lastKnownFileType = folder.assetcatalog; path = Images.xcassets; sourceTree = "<group>"; };
		83A0063D1A5DDD7D00ED22F8 /* Base */ = {isa = PBXFileReference; lastKnownFileType = file.xib; name = Base; path = Base.lproj/LaunchScreen.xib; sourceTree = "<group>"; };
		83A006431A5DDD7D00ED22F8 /* MySafariTests.xctest */ = {isa = PBXFileReference; explicitFileType = wrapper.cfbundle; includeInIndex = 0; path = MySafariTests.xctest; sourceTree = BUILT_PRODUCTS_DIR; };
		83A006481A5DDD7D00ED22F8 /* Info.plist */ = {isa = PBXFileReference; lastKnownFileType = text.plist.xml; path = Info.plist; sourceTree = "<group>"; };
		83A006491A5DDD7D00ED22F8 /* MySafariTests.m */ = {isa = PBXFileReference; lastKnownFileType = sourcecode.c.objc; path = MySafariTests.m; sourceTree = "<group>"; };
/* End PBXFileReference section */

/* Begin PBXFrameworksBuildPhase section */
		83A006271A5DDD7D00ED22F8 /* Frameworks */ = {
			isa = PBXFrameworksBuildPhase;
			buildActionMask = 2147483647;
			files = (
			);
			runOnlyForDeploymentPostprocessing = 0;
		};
		83A006401A5DDD7D00ED22F8 /* Frameworks */ = {
			isa = PBXFrameworksBuildPhase;
			buildActionMask = 2147483647;
			files = (
			);
			runOnlyForDeploymentPostprocessing = 0;
		};
/* End PBXFrameworksBuildPhase section */

/* Begin PBXGroup section */
		83A006211A5DDD7D00ED22F8 = {
			isa = PBXGroup;
			children = (
				83A0062C1A5DDD7D00ED22F8 /* MySafari */,
				83A006461A5DDD7D00ED22F8 /* MySafariTests */,
				83A0062B1A5DDD7D00ED22F8 /* Products */,
			);
			sourceTree = "<group>";
		};
		83A0062B1A5DDD7D00ED22F8 /* Products */ = {
			isa = PBXGroup;
			children = (
				83A0062A1A5DDD7D00ED22F8 /* MySafari.app */,
				83A006431A5DDD7D00ED22F8 /* MySafariTests.xctest */,
			);
			name = Products;
			sourceTree = "<group>";
		};
		83A0062C1A5DDD7D00ED22F8 /* MySafari */ = {
			isa = PBXGroup;
			children = (
				83A006311A5DDD7D00ED22F8 /* AppDelegate.h */,
				83A006321A5DDD7D00ED22F8 /* AppDelegate.m */,
				83A006341A5DDD7D00ED22F8 /* ViewController.h */,
				83A006351A5DDD7D00ED22F8 /* ViewController.m */,
				83A006371A5DDD7D00ED22F8 /* Main.storyboard */,
				83A0063A1A5DDD7D00ED22F8 /* Images.xcassets */,
				83A0063C1A5DDD7D00ED22F8 /* LaunchScreen.xib */,
				83A0062D1A5DDD7D00ED22F8 /* Supporting Files */,
			);
			path = MySafari;
			sourceTree = "<group>";
		};
		83A0062D1A5DDD7D00ED22F8 /* Supporting Files */ = {
			isa = PBXGroup;
			children = (
				83A0062E1A5DDD7D00ED22F8 /* Info.plist */,
				83A0062F1A5DDD7D00ED22F8 /* main.m */,
			);
			name = "Supporting Files";
			sourceTree = "<group>";
		};
		83A006461A5DDD7D00ED22F8 /* MySafariTests */ = {
			isa = PBXGroup;
			children = (
				83A006491A5DDD7D00ED22F8 /* MySafariTests.m */,
				83A006471A5DDD7D00ED22F8 /* Supporting Files */,
			);
			path = MySafariTests;
			sourceTree = "<group>";
		};
		83A006471A5DDD7D00ED22F8 /* Supporting Files */ = {
			isa = PBXGroup;
			children = (
				83A006481A5DDD7D00ED22F8 /* Info.plist */,
			);
			name = "Supporting Files";
			sourceTree = "<group>";
		};
/* End PBXGroup section */

/* Begin PBXNativeTarget section */
		83A006291A5DDD7D00ED22F8 /* MySafari */ = {
			isa = PBXNativeTarget;
			buildConfigurationList = 83A0064D1A5DDD7D00ED22F8 /* Build configuration list for PBXNativeTarget "MySafari" */;
			buildPhases = (
				83A006261A5DDD7D00ED22F8 /* Sources */,
				83A006271A5DDD7D00ED22F8 /* Frameworks */,
				83A006281A5DDD7D00ED22F8 /* Resources */,
			);
			buildRules = (
			);
			dependencies = (
			);
			name = MySafari;
			productName = MySafari;
			productReference = 83A0062A1A5DDD7D00ED22F8 /* MySafari.app */;
			productType = "com.apple.product-type.application";
		};
		83A006421A5DDD7D00ED22F8 /* MySafariTests */ = {
			isa = PBXNativeTarget;
			buildConfigurationList = 83A006501A5DDD7D00ED22F8 /* Build configuration list for PBXNativeTarget "MySafariTests" */;
			buildPhases = (
				83A0063F1A5DDD7D00ED22F8 /* Sources */,
				83A006401A5DDD7D00ED22F8 /* Frameworks */,
				83A006411A5DDD7D00ED22F8 /* Resources */,
			);
			buildRules = (
			);
			dependencies = (
				83A006451A5DDD7D00ED22F8 /* PBXTargetDependency */,
			);
			name = MySafariTests;
			productName = MySafariTests;
			productReference = 83A006431A5DDD7D00ED22F8 /* MySafariTests.xctest */;
			productType = "com.apple.product-type.bundle.unit-test";
		};
/* End PBXNativeTarget section */

/* Begin PBXProject section */
		83A006221A5DDD7D00ED22F8 /* Project object */ = {
			isa = PBXProject;
			attributes = {
				LastUpgradeCheck = 0610;
				ORGANIZATIONNAME = "Shannon Beck";
				TargetAttributes = {
					83A006291A5DDD7D00ED22F8 = {
						CreatedOnToolsVersion = 6.1.1;
					};
					83A006421A5DDD7D00ED22F8 = {
						CreatedOnToolsVersion = 6.1.1;
						TestTargetID = 83A006291A5DDD7D00ED22F8;
					};
				};
			};
			buildConfigurationList = 83A006251A5DDD7D00ED22F8 /* Build configuration list for PBXProject "MySafari" */;
			compatibilityVersion = "Xcode 3.2";
			developmentRegion = English;
			hasScannedForEncodings = 0;
			knownRegions = (
				en,
				Base,
			);
			mainGroup = 83A006211A5DDD7D00ED22F8;
			productRefGroup = 83A0062B1A5DDD7D00ED22F8 /* Products */;
			projectDirPath = "";
			projectRoot = "";
			targets = (
				83A006291A5DDD7D00ED22F8 /* MySafari */,
				83A006421A5DDD7D00ED22F8 /* MySafariTests */,
			);
		};
/* End PBXProject section */

/* Begin PBXResourcesBuildPhase section */
		83A006281A5DDD7D00ED22F8 /* Resources */ = {
			isa = PBXResourcesBuildPhase;
			buildActionMask = 2147483647;
			files = (
				83A006391A5DDD7D00ED22F8 /* Main.storyboard in Resources */,
				83A0063E1A5DDD7D00ED22F8 /* LaunchScreen.xib in Resources */,
				83A0063B1A5DDD7D00ED22F8 /* Images.xcassets in Resources */,
			);
			runOnlyForDeploymentPostprocessing = 0;
		};
		83A006411A5DDD7D00ED22F8 /* Resources */ = {
			isa = PBXResourcesBuildPhase;
			buildActionMask = 2147483647;
			files = (
			);
			runOnlyForDeploymentPostprocessing = 0;
		};
/* End PBXResourcesBuildPhase section */

/* Begin PBXSourcesBuildPhase section */
		83A006261A5DDD7D00ED22F8 /* Sources */ = {
			isa = PBXSourcesBuildPhase;
			buildActionMask = 2147483647;
			files = (
				83A006361A5DDD7D00ED22F8 /* ViewController.m in Sources */,
				83A006331A5DDD7D00ED22F8 /* AppDelegate.m in Sources */,
				83A006301A5DDD7D00ED22F8 /* main.m in Sources */,
			);
			runOnlyForDeploymentPostprocessing = 0;
		};
		83A0063F1A5DDD7D00ED22F8 /* Sources */ = {
			isa = PBXSourcesBuildPhase;
			buildActionMask = 2147483647;
			files = (
				83A0064A1A5DDD7D00ED22F8 /* MySafariTests.m in Sources */,
			);
			runOnlyForDeploymentPostprocessing = 0;
		};
/* End PBXSourcesBuildPhase section */

/* Begin PBXTargetDependency section */
		83A006451A5DDD7D00ED22F8 /* PBXTargetDependency */ = {
			isa = PBXTargetDependency;
			target = 83A006291A5DDD7D00ED22F8 /* MySafari */;
			targetProxy = 83A006441A5DDD7D00ED22F8 /* PBXContainerItemProxy */;
		};
/* End PBXTargetDependency section */

/* Begin PBXVariantGroup section */
		83A006371A5DDD7D00ED22F8 /* Main.storyboard */ = {
			isa = PBXVariantGroup;
			children = (
				83A006381A5DDD7D00ED22F8 /* Base */,
			);
			name = Main.storyboard;
			sourceTree = "<group>";
		};
		83A0063C1A5DDD7D00ED22F8 /* LaunchScreen.xib */ = {
			isa = PBXVariantGroup;
			children = (
				83A0063D1A5DDD7D00ED22F8 /* Base */,
			);
			name = LaunchScreen.xib;
			sourceTree = "<group>";
		};
/* End PBXVariantGroup section */

/* Begin XCBuildConfiguration section */
		83A0064B1A5DDD7D00ED22F8 /* Debug */ = {
			isa = XCBuildConfiguration;
			buildSettings = {
				ALWAYS_SEARCH_USER_PATHS = NO;
				CLANG_CXX_LANGUAGE_STANDARD = "gnu++0x";
				CLANG_CXX_LIBRARY = "libc++";
				CLANG_ENABLE_MODULES = YES;
				CLANG_ENABLE_OBJC_ARC = YES;
				CLANG_WARN_BOOL_CONVERSION = YES;
				CLANG_WARN_CONSTANT_CONVERSION = YES;
				CLANG_WARN_DIRECT_OBJC_ISA_USAGE = YES_ERROR;
				CLANG_WARN_EMPTY_BODY = YES;
				CLANG_WARN_ENUM_CONVERSION = YES;
				CLANG_WARN_INT_CONVERSION = YES;
				CLANG_WARN_OBJC_ROOT_CLASS = YES_ERROR;
				CLANG_WARN_UNREACHABLE_CODE = YES;
				CLANG_WARN__DUPLICATE_METHOD_MATCH = YES;
				"CODE_SIGN_IDENTITY[sdk=iphoneos*]" = "iPhone Developer";
				COPY_PHASE_STRIP = NO;
				ENABLE_STRICT_OBJC_MSGSEND = YES;
				GCC_C_LANGUAGE_STANDARD = gnu99;
				GCC_DYNAMIC_NO_PIC = NO;
				GCC_OPTIMIZATION_LEVEL = 0;
				GCC_PREPROCESSOR_DEFINITIONS = (
					"DEBUG=1",
					"$(inherited)",
				);
				GCC_SYMBOLS_PRIVATE_EXTERN = NO;
				GCC_WARN_64_TO_32_BIT_CONVERSION = YES;
				GCC_WARN_ABOUT_RETURN_TYPE = YES_ERROR;
				GCC_WARN_UNDECLARED_SELECTOR = YES;
				GCC_WARN_UNINITIALIZED_AUTOS = YES_AGGRESSIVE;
				GCC_WARN_UNUSED_FUNCTION = YES;
				GCC_WARN_UNUSED_VARIABLE = YES;
				IPHONEOS_DEPLOYMENT_TARGET = 8.1;
				MTL_ENABLE_DEBUG_INFO = YES;
				ONLY_ACTIVE_ARCH = YES;
				SDKROOT = iphoneos;
			};
			name = Debug;
		};
		83A0064C1A5DDD7D00ED22F8 /* Release */ = {
			isa = XCBuildConfiguration;
			buildSettings = {
				ALWAYS_SEARCH_USER_PATHS = NO;
				CLANG_CXX_LANGUAGE_STANDARD = "gnu++0x";
				CLANG_CXX_LIBRARY = "libc++";
				CLANG_ENABLE_MODULES = YES;
				CLANG_ENABLE_OBJC_ARC = YES;
				CLANG_WARN_BOOL_CONVERSION = YES;
				CLANG_WARN_CONSTANT_CONVERSION = YES;
				CLANG_WARN_DIRECT_OBJC_ISA_USAGE = YES_ERROR;
				CLANG_WARN_EMPTY_BODY = YES;
				CLANG_WARN_ENUM_CONVERSION = YES;
				CLANG_WARN_INT_CONVERSION = YES;
				CLANG_WARN_OBJC_ROOT_CLASS = YES_ERROR;
				CLANG_WARN_UNREACHABLE_CODE = YES;
				CLANG_WARN__DUPLICATE_METHOD_MATCH = YES;
				"CODE_SIGN_IDENTITY[sdk=iphoneos*]" = "iPhone Developer";
				COPY_PHASE_STRIP = YES;
				ENABLE_NS_ASSERTIONS = NO;
				ENABLE_STRICT_OBJC_MSGSEND = YES;
				GCC_C_LANGUAGE_STANDARD = gnu99;
				GCC_WARN_64_TO_32_BIT_CONVERSION = YES;
				GCC_WARN_ABOUT_RETURN_TYPE = YES_ERROR;
				GCC_WARN_UNDECLARED_SELECTOR = YES;
				GCC_WARN_UNINITIALIZED_AUTOS = YES_AGGRESSIVE;
				GCC_WARN_UNUSED_FUNCTION = YES;
				GCC_WARN_UNUSED_VARIABLE = YES;
				IPHONEOS_DEPLOYMENT_TARGET = 8.1;
				MTL_ENABLE_DEBUG_INFO = NO;
				SDKROOT = iphoneos;
				VALIDATE_PRODUCT = YES;
			};
			name = Release;
		};
		83A0064E1A5DDD7D00ED22F8 /* Debug */ = {
			isa = XCBuildConfiguration;
			buildSettings = {
				ASSETCATALOG_COMPILER_APPICON_NAME = AppIcon;
				INFOPLIST_FILE = MySafari/Info.plist;
				LD_RUNPATH_SEARCH_PATHS = "$(inherited) @executable_path/Frameworks";
				PRODUCT_NAME = "$(TARGET_NAME)";
			};
			name = Debug;
		};
		83A0064F1A5DDD7D00ED22F8 /* Release */ = {
			isa = XCBuildConfiguration;
			buildSettings = {
				ASSETCATALOG_COMPILER_APPICON_NAME = AppIcon;
				INFOPLIST_FILE = MySafari/Info.plist;
				LD_RUNPATH_SEARCH_PATHS = "$(inherited) @executable_path/Frameworks";
				PRODUCT_NAME = "$(TARGET_NAME)";
			};
			name = Release;
		};
		83A006511A5DDD7D00ED22F8 /* Debug */ = {
			isa = XCBuildConfiguration;
			buildSettings = {
				BUNDLE_LOADER = "$(TEST_HOST)";
				FRAMEWORK_SEARCH_PATHS = (
					"$(SDKROOT)/Developer/Library/Frameworks",
					"$(inherited)",
				);
				GCC_PREPROCESSOR_DEFINITIONS = (
					"DEBUG=1",
					"$(inherited)",
				);
				INFOPLIST_FILE = MySafariTests/Info.plist;
				LD_RUNPATH_SEARCH_PATHS = "$(inherited) @executable_path/Frameworks @loader_path/Frameworks";
				PRODUCT_NAME = "$(TARGET_NAME)";
				TEST_HOST = "$(BUILT_PRODUCTS_DIR)/MySafari.app/MySafari";
			};
			name = Debug;
		};
		83A006521A5DDD7D00ED22F8 /* Release */ = {
			isa = XCBuildConfiguration;
			buildSettings = {
				BUNDLE_LOADER = "$(TEST_HOST)";
				FRAMEWORK_SEARCH_PATHS = (
					"$(SDKROOT)/Developer/Library/Frameworks",
					"$(inherited)",
				);
				INFOPLIST_FILE = MySafariTests/Info.plist;
				LD_RUNPATH_SEARCH_PATHS = "$(inherited) @executable_path/Frameworks @loader_path/Frameworks";
				PRODUCT_NAME = "$(TARGET_NAME)";
				TEST_HOST = "$(BUILT_PRODUCTS_DIR)/MySafari.app/MySafari";
			};
			name = Release;
		};
/* End XCBuildConfiguration section */

/* Begin XCConfigurationList section */
		83A006251A5DDD7D00ED22F8 /* Build configuration list for PBXProject "MySafari" */ = {
			isa = XCConfigurationList;
			buildConfigurations = (
				83A0064B1A5DDD7D00ED22F8 /* Debug */,
				83A0064C1A5DDD7D00ED22F8 /* Release */,
			);
			defaultConfigurationIsVisible = 0;
			defaultConfigurationName = Release;
		};
		83A0064D1A5DDD7D00ED22F8 /* Build configuration list for PBXNativeTarget "MySafari" */ = {
			isa = XCConfigurationList;
			buildConfigurations = (
				83A0064E1A5DDD7D00ED22F8 /* Debug */,
				83A0064F1A5DDD7D00ED22F8 /* Release */,
			);
			defaultConfigurationIsVisible = 0;
		};
		83A006501A5DDD7D00ED22F8 /* Build configuration list for PBXNativeTarget "MySafariTests" */ = {
			isa = XCConfigurationList;
			buildConfigurations = (
				83A006511A5DDD7D00ED22F8 /* Debug */,
				83A006521A5DDD7D00ED22F8 /* Release */,
			);
			defaultConfigurationIsVisible = 0;
		};
/* End XCConfigurationList section */
	};
	rootObject = 83A006221A5DDD7D00ED22F8 /* Project object */;
}
